
Microsoft Visual Studio Solution File, Format Version 12.00
# Visual Studio Version 17
VisualStudioVersion = 17.1.32421.90
MinimumVisualStudioVersion = 10.0.40219.1
Project("{FAE04EC0-301F-11D3-BF4B-00C04F79EFBC}") = "Contacts", "Contacts\Contacts.csproj", "{AA04534E-B98B-4CE0-9EB1-A28CD75390FB}"
EndProject
Global
	GlobalSection(SolutionConfigurationPlatforms) = preSolution
		Debug|Any CPU = Debug|Any CPU
		Release|Any CPU = Release|Any CPU
	EndGlobalSection
	GlobalSection(ProjectConfigurationPlatforms) = postSolution
		{AA04534E-B98B-4CE0-9EB1-A28CD75390FB}.Debug|Any CPU.ActiveCfg = Debug|Any CPU
		{AA04534E-B98B-4CE0-9EB1-A28CD75390FB}.Debug|Any CPU.Build.0 = Debug|Any CPU
		{AA04534E-B98B-4CE0-9EB1-A28CD75390FB}.Release|Any CPU.ActiveCfg = Release|Any CPU
		{AA04534E-B98B-4CE0-9EB1-A28CD75390FB}.Release|Any CPU.Build.0 = Release|Any CPU
	EndGlobalSection
	GlobalSection(SolutionProperties) = preSolution
		HideSolutionNode = FALSE
	EndGlobalSection
	GlobalSection(ExtensibilityGlobals) = postSolution
		SolutionGuid = {C402C987-8D43-41A3-9798-99CA2875FA6A}
	EndGlobalSection
EndGlobal
